
Microsoft Visual Studio Solution File, Format Version 12.00
Project("{FAE04EC0-301F-11D3-BF4B-00C04F79EFBC}") = "AbstractFactory", "AbstractFactory\AbstractFactory.csproj", "{2D25E01A-263F-4250-9DA4-1970D06B5A32}"
EndProject
Project("{FAE04EC0-301F-11D3-BF4B-00C04F79EFBC}") = "Builder", "Builder\Builder.csproj", "{16B9939E-3783-4CDF-830F-4AA1D57C9F08}"
EndProject
Project("{FAE04EC0-301F-11D3-BF4B-00C04F79EFBC}") = "FactoryMethod", "FactoryMethod\FactoryMethod.csproj", "{CF4788B9-1D99-4E3D-B0B3-FC864A53E17C}"
EndProject
Project("{FAE04EC0-301F-11D3-BF4B-00C04F79EFBC}") = "Prototype", "Prototype\Prototype.csproj", "{B3933C1E-8C4E-412C-A5FB-62B8701E3EE2}"
EndProject
Project("{FAE04EC0-301F-11D3-BF4B-00C04F79EFBC}") = "Singleton", "Singleton\Singleton.csproj", "{5525E86A-3E85-4962-8734-A8315CD9FCBE}"
EndProject
Project("{FAE04EC0-301F-11D3-BF4B-00C04F79EFBC}") = "Adapter", "Adapter\Adapter.csproj", "{0E2D0685-31DF-4489-BF96-371E5A6F78E8}"
EndProject
Project("{FAE04EC0-301F-11D3-BF4B-00C04F79EFBC}") = "Bridge", "Bridge\Bridge.csproj", "{2CE90753-2EC3-407D-B504-A5EF9995606D}"
EndProject
Project("{FAE04EC0-301F-11D3-BF4B-00C04F79EFBC}") = "Composite", "Composite\Composite.csproj", "{E634D4B0-252E-4D35-AA6C-AF0F431B3A1F}"
EndProject
Project("{FAE04EC0-301F-11D3-BF4B-00C04F79EFBC}") = "Decorator", "Decorator\Decorator.csproj", "{E6EBBF42-8F7B-4ACC-928D-5F2B914A909F}"
EndProject
Project("{FAE04EC0-301F-11D3-BF4B-00C04F79EFBC}") = "FlyWeight", "FlyWeight\FlyWeight.csproj", "{8299A928-AF1B-45DC-8777-610646E1245B}"
EndProject
Project("{FAE04EC0-301F-11D3-BF4B-00C04F79EFBC}") = "Proxy", "Proxy\Proxy.csproj", "{712EBD03-0384-455B-9728-E6027E019C9C}"
EndProject
Project("{FAE04EC0-301F-11D3-BF4B-00C04F79EFBC}") = "ChainOfResponsibility", "ChainOfResponsibility\ChainOfResponsibility.csproj", "{A7EB5D27-E918-4DE5-87B7-B698FCC7C4D2}"
EndProject
Project("{FAE04EC0-301F-11D3-BF4B-00C04F79EFBC}") = "Command", "Command\Command.csproj", "{5076A42B-DB5D-4E9A-BF7F-E9638D55A9AF}"
EndProject
Project("{FAE04EC0-301F-11D3-BF4B-00C04F79EFBC}") = "Interpreter", "Interpreter\Interpreter.csproj", "{9C7DE267-3A8E-4F43-ABDE-D3315E0FE574}"
EndProject
Project("{FAE04EC0-301F-11D3-BF4B-00C04F79EFBC}") = "Iterator", "Iterator\Iterator.csproj", "{A373AD7E-8009-4F98-ACD5-EFC1DF79893E}"
EndProject
Project("{FAE04EC0-301F-11D3-BF4B-00C04F79EFBC}") = "Mediator", "Mediator\Mediator.csproj", "{43EEF536-A04C-4EB4-BCFD-7858F73B0DB0}"
EndProject
Project("{FAE04EC0-301F-11D3-BF4B-00C04F79EFBC}") = "Memento", "Memento\Memento.csproj", "{9491A998-F5D2-4943-A106-3A6AD6090BCB}"
EndProject
Project("{FAE04EC0-301F-11D3-BF4B-00C04F79EFBC}") = "Observer", "Observer\Observer.csproj", "{02E7B640-CDEF-47AF-B814-9AA0FDFD6D7E}"
EndProject
Project("{FAE04EC0-301F-11D3-BF4B-00C04F79EFBC}") = "State", "State\State.csproj", "{A5387C4C-B9AD-4E55-86C5-2C770BAD9ABE}"
EndProject
Project("{FAE04EC0-301F-11D3-BF4B-00C04F79EFBC}") = "Strategy", "Strategy\Strategy.csproj", "{5C8C7449-B31D-46DF-B95B-8ADD80FF876E}"
EndProject
Project("{FAE04EC0-301F-11D3-BF4B-00C04F79EFBC}") = "TemplateMethod", "TemplateMethod\TemplateMethod.csproj", "{B1F26B6C-2646-4D99-B1D9-96A941888624}"
EndProject
Global
	GlobalSection(SolutionConfigurationPlatforms) = preSolution
		Debug|Any CPU = Debug|Any CPU
		Release|Any CPU = Release|Any CPU
	EndGlobalSection
	GlobalSection(ProjectConfigurationPlatforms) = postSolution
		{2D25E01A-263F-4250-9DA4-1970D06B5A32}.Debug|Any CPU.ActiveCfg = Debug|Any CPU
		{2D25E01A-263F-4250-9DA4-1970D06B5A32}.Debug|Any CPU.Build.0 = Debug|Any CPU
		{2D25E01A-263F-4250-9DA4-1970D06B5A32}.Release|Any CPU.ActiveCfg = Release|Any CPU
		{2D25E01A-263F-4250-9DA4-1970D06B5A32}.Release|Any CPU.Build.0 = Release|Any CPU
		{16B9939E-3783-4CDF-830F-4AA1D57C9F08}.Debug|Any CPU.ActiveCfg = Debug|Any CPU
		{16B9939E-3783-4CDF-830F-4AA1D57C9F08}.Debug|Any CPU.Build.0 = Debug|Any CPU
		{16B9939E-3783-4CDF-830F-4AA1D57C9F08}.Release|Any CPU.ActiveCfg = Release|Any CPU
		{16B9939E-3783-4CDF-830F-4AA1D57C9F08}.Release|Any CPU.Build.0 = Release|Any CPU
		{CF4788B9-1D99-4E3D-B0B3-FC864A53E17C}.Debug|Any CPU.ActiveCfg = Debug|Any CPU
		{CF4788B9-1D99-4E3D-B0B3-FC864A53E17C}.Debug|Any CPU.Build.0 = Debug|Any CPU
		{CF4788B9-1D99-4E3D-B0B3-FC864A53E17C}.Release|Any CPU.ActiveCfg = Release|Any CPU
		{CF4788B9-1D99-4E3D-B0B3-FC864A53E17C}.Release|Any CPU.Build.0 = Release|Any CPU
		{B3933C1E-8C4E-412C-A5FB-62B8701E3EE2}.Debug|Any CPU.ActiveCfg = Debug|Any CPU
		{B3933C1E-8C4E-412C-A5FB-62B8701E3EE2}.Debug|Any CPU.Build.0 = Debug|Any CPU
		{B3933C1E-8C4E-412C-A5FB-62B8701E3EE2}.Release|Any CPU.ActiveCfg = Release|Any CPU
		{B3933C1E-8C4E-412C-A5FB-62B8701E3EE2}.Release|Any CPU.Build.0 = Release|Any CPU
		{5525E86A-3E85-4962-8734-A8315CD9FCBE}.Debug|Any CPU.ActiveCfg = Debug|Any CPU
		{5525E86A-3E85-4962-8734-A8315CD9FCBE}.Debug|Any CPU.Build.0 = Debug|Any CPU
		{5525E86A-3E85-4962-8734-A8315CD9FCBE}.Release|Any CPU.ActiveCfg = Release|Any CPU
		{5525E86A-3E85-4962-8734-A8315CD9FCBE}.Release|Any CPU.Build.0 = Release|Any CPU
		{0E2D0685-31DF-4489-BF96-371E5A6F78E8}.Debug|Any CPU.ActiveCfg = Debug|Any CPU
		{0E2D0685-31DF-4489-BF96-371E5A6F78E8}.Debug|Any CPU.Build.0 = Debug|Any CPU
		{0E2D0685-31DF-4489-BF96-371E5A6F78E8}.Release|Any CPU.ActiveCfg = Release|Any CPU
		{0E2D0685-31DF-4489-BF96-371E5A6F78E8}.Release|Any CPU.Build.0 = Release|Any CPU
		{2CE90753-2EC3-407D-B504-A5EF9995606D}.Debug|Any CPU.ActiveCfg = Debug|Any CPU
		{2CE90753-2EC3-407D-B504-A5EF9995606D}.Debug|Any CPU.Build.0 = Debug|Any CPU
		{2CE90753-2EC3-407D-B504-A5EF9995606D}.Release|Any CPU.ActiveCfg = Release|Any CPU
		{2CE90753-2EC3-407D-B504-A5EF9995606D}.Release|Any CPU.Build.0 = Release|Any CPU
		{E634D4B0-252E-4D35-AA6C-AF0F431B3A1F}.Debug|Any CPU.ActiveCfg = Debug|Any CPU
		{E634D4B0-252E-4D35-AA6C-AF0F431B3A1F}.Debug|Any CPU.Build.0 = Debug|Any CPU
		{E634D4B0-252E-4D35-AA6C-AF0F431B3A1F}.Release|Any CPU.ActiveCfg = Release|Any CPU
		{E634D4B0-252E-4D35-AA6C-AF0F431B3A1F}.Release|Any CPU.Build.0 = Release|Any CPU
		{E6EBBF42-8F7B-4ACC-928D-5F2B914A909F}.Debug|Any CPU.ActiveCfg = Debug|Any CPU
		{E6EBBF42-8F7B-4ACC-928D-5F2B914A909F}.Debug|Any CPU.Build.0 = Debug|Any CPU
		{E6EBBF42-8F7B-4ACC-928D-5F2B914A909F}.Release|Any CPU.ActiveCfg = Release|Any CPU
		{E6EBBF42-8F7B-4ACC-928D-5F2B914A909F}.Release|Any CPU.Build.0 = Release|Any CPU
		{8299A928-AF1B-45DC-8777-610646E1245B}.Debug|Any CPU.ActiveCfg = Debug|Any CPU
		{8299A928-AF1B-45DC-8777-610646E1245B}.Debug|Any CPU.Build.0 = Debug|Any CPU
		{8299A928-AF1B-45DC-8777-610646E1245B}.Release|Any CPU.ActiveCfg = Release|Any CPU
		{8299A928-AF1B-45DC-8777-610646E1245B}.Release|Any CPU.Build.0 = Release|Any CPU
		{712EBD03-0384-455B-9728-E6027E019C9C}.Debug|Any CPU.ActiveCfg = Debug|Any CPU
		{712EBD03-0384-455B-9728-E6027E019C9C}.Debug|Any CPU.Build.0 = Debug|Any CPU
		{712EBD03-0384-455B-9728-E6027E019C9C}.Release|Any CPU.ActiveCfg = Release|Any CPU
		{712EBD03-0384-455B-9728-E6027E019C9C}.Release|Any CPU.Build.0 = Release|Any CPU
		{A7EB5D27-E918-4DE5-87B7-B698FCC7C4D2}.Debug|Any CPU.ActiveCfg = Debug|Any CPU
		{A7EB5D27-E918-4DE5-87B7-B698FCC7C4D2}.Debug|Any CPU.Build.0 = Debug|Any CPU
		{A7EB5D27-E918-4DE5-87B7-B698FCC7C4D2}.Release|Any CPU.ActiveCfg = Release|Any CPU
		{A7EB5D27-E918-4DE5-87B7-B698FCC7C4D2}.Release|Any CPU.Build.0 = Release|Any CPU
		{5076A42B-DB5D-4E9A-BF7F-E9638D55A9AF}.Debug|Any CPU.ActiveCfg = Debug|Any CPU
		{5076A42B-DB5D-4E9A-BF7F-E9638D55A9AF}.Debug|Any CPU.Build.0 = Debug|Any CPU
		{5076A42B-DB5D-4E9A-BF7F-E9638D55A9AF}.Release|Any CPU.ActiveCfg = Release|Any CPU
		{5076A42B-DB5D-4E9A-BF7F-E9638D55A9AF}.Release|Any CPU.Build.0 = Release|Any CPU
		{9C7DE267-3A8E-4F43-ABDE-D3315E0FE574}.Debug|Any CPU.ActiveCfg = Debug|Any CPU
		{9C7DE267-3A8E-4F43-ABDE-D3315E0FE574}.Debug|Any CPU.Build.0 = Debug|Any CPU
		{9C7DE267-3A8E-4F43-ABDE-D3315E0FE574}.Release|Any CPU.ActiveCfg = Release|Any CPU
		{9C7DE267-3A8E-4F43-ABDE-D3315E0FE574}.Release|Any CPU.Build.0 = Release|Any CPU
		{A373AD7E-8009-4F98-ACD5-EFC1DF79893E}.Debug|Any CPU.ActiveCfg = Debug|Any CPU
		{A373AD7E-8009-4F98-ACD5-EFC1DF79893E}.Debug|Any CPU.Build.0 = Debug|Any CPU
		{A373AD7E-8009-4F98-ACD5-EFC1DF79893E}.Release|Any CPU.ActiveCfg = Release|Any CPU
		{A373AD7E-8009-4F98-ACD5-EFC1DF79893E}.Release|Any CPU.Build.0 = Release|Any CPU
		{43EEF536-A04C-4EB4-BCFD-7858F73B0DB0}.Debug|Any CPU.ActiveCfg = Debug|Any CPU
		{43EEF536-A04C-4EB4-BCFD-7858F73B0DB0}.Debug|Any CPU.Build.0 = Debug|Any CPU
		{43EEF536-A04C-4EB4-BCFD-7858F73B0DB0}.Release|Any CPU.ActiveCfg = Release|Any CPU
		{43EEF536-A04C-4EB4-BCFD-7858F73B0DB0}.Release|Any CPU.Build.0 = Release|Any CPU
		{9491A998-F5D2-4943-A106-3A6AD6090BCB}.Debug|Any CPU.ActiveCfg = Debug|Any CPU
		{9491A998-F5D2-4943-A106-3A6AD6090BCB}.Debug|Any CPU.Build.0 = Debug|Any CPU
		{9491A998-F5D2-4943-A106-3A6AD6090BCB}.Release|Any CPU.ActiveCfg = Release|Any CPU
		{9491A998-F5D2-4943-A106-3A6AD6090BCB}.Release|Any CPU.Build.0 = Release|Any CPU
		{02E7B640-CDEF-47AF-B814-9AA0FDFD6D7E}.Debug|Any CPU.ActiveCfg = Debug|Any CPU
		{02E7B640-CDEF-47AF-B814-9AA0FDFD6D7E}.Debug|Any CPU.Build.0 = Debug|Any CPU
		{02E7B640-CDEF-47AF-B814-9AA0FDFD6D7E}.Release|Any CPU.ActiveCfg = Release|Any CPU
		{02E7B640-CDEF-47AF-B814-9AA0FDFD6D7E}.Release|Any CPU.Build.0 = Release|Any CPU
		{A5387C4C-B9AD-4E55-86C5-2C770BAD9ABE}.Debug|Any CPU.ActiveCfg = Debug|Any CPU
		{A5387C4C-B9AD-4E55-86C5-2C770BAD9ABE}.Debug|Any CPU.Build.0 = Debug|Any CPU
		{A5387C4C-B9AD-4E55-86C5-2C770BAD9ABE}.Release|Any CPU.ActiveCfg = Release|Any CPU
		{A5387C4C-B9AD-4E55-86C5-2C770BAD9ABE}.Release|Any CPU.Build.0 = Release|Any CPU
		{5C8C7449-B31D-46DF-B95B-8ADD80FF876E}.Debug|Any CPU.ActiveCfg = Debug|Any CPU
		{5C8C7449-B31D-46DF-B95B-8ADD80FF876E}.Debug|Any CPU.Build.0 = Debug|Any CPU
		{5C8C7449-B31D-46DF-B95B-8ADD80FF876E}.Release|Any CPU.ActiveCfg = Release|Any CPU
		{5C8C7449-B31D-46DF-B95B-8ADD80FF876E}.Release|Any CPU.Build.0 = Release|Any CPU
		{B1F26B6C-2646-4D99-B1D9-96A941888624}.Debug|Any CPU.ActiveCfg = Debug|Any CPU
		{B1F26B6C-2646-4D99-B1D9-96A941888624}.Debug|Any CPU.Build.0 = Debug|Any CPU
		{B1F26B6C-2646-4D99-B1D9-96A941888624}.Release|Any CPU.ActiveCfg = Release|Any CPU
		{B1F26B6C-2646-4D99-B1D9-96A941888624}.Release|Any CPU.Build.0 = Release|Any CPU
	EndGlobalSection
EndGlobal
